// !$*UTF8*$!
{
	archiveVersion = 1;
	classes = {
	};
	objectVersion = 51;
	objects = {

/* Begin PBXBuildFile section */
		A7BF15F3D3E7631A833B9B12 /* Pods_flixTests.framework in Frameworks */ = {isa = PBXBuildFile; fileRef = 8713429A645D9969C6ACB584 /* Pods_flixTests.framework */; };
		E4B2D87512AC3E7691BD1C4B /* Pods_flix_flixUITests.framework in Frameworks */ = {isa = PBXBuildFile; fileRef = 78523D855232F25708BE9157 /* Pods_flix_flixUITests.framework */; };
		F908C0B22629289000500358 /* MovieGridCell.swift in Sources */ = {isa = PBXBuildFile; fileRef = F908C0B12629289000500358 /* MovieGridCell.swift */; };
		F970604D26233D9C0075CC07 /* AppDelegate.swift in Sources */ = {isa = PBXBuildFile; fileRef = F970604C26233D9C0075CC07 /* AppDelegate.swift */; };
		F970604F26233D9C0075CC07 /* SceneDelegate.swift in Sources */ = {isa = PBXBuildFile; fileRef = F970604E26233D9C0075CC07 /* SceneDelegate.swift */; };
		F970605126233D9C0075CC07 /* ViewController.swift in Sources */ = {isa = PBXBuildFile; fileRef = F970605026233D9C0075CC07 /* ViewController.swift */; };
		F970605426233D9C0075CC07 /* Main.storyboard in Resources */ = {isa = PBXBuildFile; fileRef = F970605226233D9C0075CC07 /* Main.storyboard */; };
		F970605626233DA00075CC07 /* Assets.xcassets in Resources */ = {isa = PBXBuildFile; fileRef = F970605526233DA00075CC07 /* Assets.xcassets */; };
		F970605926233DA00075CC07 /* LaunchScreen.storyboard in Resources */ = {isa = PBXBuildFile; fileRef = F970605726233DA00075CC07 /* LaunchScreen.storyboard */; };
		F970606426233DA00075CC07 /* flixTests.swift in Sources */ = {isa = PBXBuildFile; fileRef = F970606326233DA00075CC07 /* flixTests.swift */; };
		F970606F26233DA00075CC07 /* flixUITests.swift in Sources */ = {isa = PBXBuildFile; fileRef = F970606E26233DA00075CC07 /* flixUITests.swift */; };
		F970608026233E6A0075CC07 /* MoviesViewController.swift in Sources */ = {isa = PBXBuildFile; fileRef = F970607F26233E6A0075CC07 /* MoviesViewController.swift */; };
		F970608A262346570075CC07 /* MovieCell.swift in Sources */ = {isa = PBXBuildFile; fileRef = F9706089262346570075CC07 /* MovieCell.swift */; };
		F9FB41A526290794003D18DB /* MovieDetailsViewController.swift in Sources */ = {isa = PBXBuildFile; fileRef = F9FB41A426290794003D18DB /* MovieDetailsViewController.swift */; };
		F9FB41AA26290FE3003D18DB /* MovieGridViewController.swift in Sources */ = {isa = PBXBuildFile; fileRef = F9FB41A926290FE3003D18DB /* MovieGridViewController.swift */; };
		FAC2DE478C583A95ACED37CB /* Pods_flix.framework in Frameworks */ = {isa = PBXBuildFile; fileRef = 0BDDC3C3989D8EBF4D0F5AD3 /* Pods_flix.framework */; };
/* End PBXBuildFile section */

/* Begin PBXContainerItemProxy section */
		F970606026233DA00075CC07 /* PBXContainerItemProxy */ = {
			isa = PBXContainerItemProxy;
			containerPortal = F970604126233D9C0075CC07 /* Project object */;
			proxyType = 1;
			remoteGlobalIDString = F970604826233D9C0075CC07;
			remoteInfo = flix;
		};
		F970606B26233DA00075CC07 /* PBXContainerItemProxy */ = {
			isa = PBXContainerItemProxy;
			containerPortal = F970604126233D9C0075CC07 /* Project object */;
			proxyType = 1;
			remoteGlobalIDString = F970604826233D9C0075CC07;
			remoteInfo = flix;
		};
/* End PBXContainerItemProxy section */

/* Begin PBXFileReference section */
		0BDDC3C3989D8EBF4D0F5AD3 /* Pods_flix.framework */ = {isa = PBXFileReference; explicitFileType = wrapper.framework; includeInIndex = 0; path = Pods_flix.framework; sourceTree = BUILT_PRODUCTS_DIR; };
		0D9E7C2AFAB52FD1F488DCC1 /* Pods-flix-flixUITests.release.xcconfig */ = {isa = PBXFileReference; includeInIndex = 1; lastKnownFileType = text.xcconfig; name = "Pods-flix-flixUITests.release.xcconfig"; path = "Target Support Files/Pods-flix-flixUITests/Pods-flix-flixUITests.release.xcconfig"; sourceTree = "<group>"; };
		1859CD96AD3A447AFC4E5C01 /* Pods-flixTests.debug.xcconfig */ = {isa = PBXFileReference; includeInIndex = 1; lastKnownFileType = text.xcconfig; name = "Pods-flixTests.debug.xcconfig"; path = "Target Support Files/Pods-flixTests/Pods-flixTests.debug.xcconfig"; sourceTree = "<group>"; };
		78523D855232F25708BE9157 /* Pods_flix_flixUITests.framework */ = {isa = PBXFileReference; explicitFileType = wrapper.framework; includeInIndex = 0; path = Pods_flix_flixUITests.framework; sourceTree = BUILT_PRODUCTS_DIR; };
		8713429A645D9969C6ACB584 /* Pods_flixTests.framework */ = {isa = PBXFileReference; explicitFileType = wrapper.framework; includeInIndex = 0; path = Pods_flixTests.framework; sourceTree = BUILT_PRODUCTS_DIR; };
		A136931CC3CFC22CECC0BBD9 /* Pods-flix.release.xcconfig */ = {isa = PBXFileReference; includeInIndex = 1; lastKnownFileType = text.xcconfig; name = "Pods-flix.release.xcconfig"; path = "Target Support Files/Pods-flix/Pods-flix.release.xcconfig"; sourceTree = "<group>"; };
		B36819B50435CEA28611EFC6 /* Pods-flixTests.release.xcconfig */ = {isa = PBXFileReference; includeInIndex = 1; lastKnownFileType = text.xcconfig; name = "Pods-flixTests.release.xcconfig"; path = "Target Support Files/Pods-flixTests/Pods-flixTests.release.xcconfig"; sourceTree = "<group>"; };
		CD798C915596E3513957FE10 /* Pods-flix-flixUITests.debug.xcconfig */ = {isa = PBXFileReference; includeInIndex = 1; lastKnownFileType = text.xcconfig; name = "Pods-flix-flixUITests.debug.xcconfig"; path = "Target Support Files/Pods-flix-flixUITests/Pods-flix-flixUITests.debug.xcconfig"; sourceTree = "<group>"; };
		D2392E6EC006455BDF4E3B6D /* Pods-flix.debug.xcconfig */ = {isa = PBXFileReference; includeInIndex = 1; lastKnownFileType = text.xcconfig; name = "Pods-flix.debug.xcconfig"; path = "Target Support Files/Pods-flix/Pods-flix.debug.xcconfig"; sourceTree = "<group>"; };
		F908C0B12629289000500358 /* MovieGridCell.swift */ = {isa = PBXFileReference; lastKnownFileType = sourcecode.swift; path = MovieGridCell.swift; sourceTree = "<group>"; };
		F970604926233D9C0075CC07 /* flix.app */ = {isa = PBXFileReference; explicitFileType = wrapper.application; includeInIndex = 0; path = flix.app; sourceTree = BUILT_PRODUCTS_DIR; };
		F970604C26233D9C0075CC07 /* AppDelegate.swift */ = {isa = PBXFileReference; lastKnownFileType = sourcecode.swift; path = AppDelegate.swift; sourceTree = "<group>"; };
		F970604E26233D9C0075CC07 /* SceneDelegate.swift */ = {isa = PBXFileReference; lastKnownFileType = sourcecode.swift; path = SceneDelegate.swift; sourceTree = "<group>"; };
		F970605026233D9C0075CC07 /* ViewController.swift */ = {isa = PBXFileReference; lastKnownFileType = sourcecode.swift; path = ViewController.swift; sourceTree = "<group>"; };
		F970605326233D9C0075CC07 /* Base */ = {isa = PBXFileReference; lastKnownFileType = file.storyboard; name = Base; path = Base.lproj/Main.storyboard; sourceTree = "<group>"; };
		F970605526233DA00075CC07 /* Assets.xcassets */ = {isa = PBXFileReference; lastKnownFileType = folder.assetcatalog; path = Assets.xcassets; sourceTree = "<group>"; };
		F970605826233DA00075CC07 /* Base */ = {isa = PBXFileReference; lastKnownFileType = file.storyboard; name = Base; path = Base.lproj/LaunchScreen.storyboard; sourceTree = "<group>"; };
		F970605A26233DA00075CC07 /* Info.plist */ = {isa = PBXFileReference; lastKnownFileType = text.plist.xml; path = Info.plist; sourceTree = "<group>"; };
		F970605F26233DA00075CC07 /* flixTests.xctest */ = {isa = PBXFileReference; explicitFileType = wrapper.cfbundle; includeInIndex = 0; path = flixTests.xctest; sourceTree = BUILT_PRODUCTS_DIR; };
		F970606326233DA00075CC07 /* flixTests.swift */ = {isa = PBXFileReference; lastKnownFileType = sourcecode.swift; path = flixTests.swift; sourceTree = "<group>"; };
		F970606526233DA00075CC07 /* Info.plist */ = {isa = PBXFileReference; lastKnownFileType = text.plist.xml; path = Info.plist; sourceTree = "<group>"; };
		F970606A26233DA00075CC07 /* flixUITests.xctest */ = {isa = PBXFileReference; explicitFileType = wrapper.cfbundle; includeInIndex = 0; path = flixUITests.xctest; sourceTree = BUILT_PRODUCTS_DIR; };
		F970606E26233DA00075CC07 /* flixUITests.swift */ = {isa = PBXFileReference; lastKnownFileType = sourcecode.swift; path = flixUITests.swift; sourceTree = "<group>"; };
		F970607026233DA00075CC07 /* Info.plist */ = {isa = PBXFileReference; lastKnownFileType = text.plist.xml; path = Info.plist; sourceTree = "<group>"; };
		F970607F26233E6A0075CC07 /* MoviesViewController.swift */ = {isa = PBXFileReference; lastKnownFileType = sourcecode.swift; path = MoviesViewController.swift; sourceTree = "<group>"; };
		F9706089262346570075CC07 /* MovieCell.swift */ = {isa = PBXFileReference; lastKnownFileType = sourcecode.swift; path = MovieCell.swift; sourceTree = "<group>"; };
		F9FB41A426290794003D18DB /* MovieDetailsViewController.swift */ = {isa = PBXFileReference; lastKnownFileType = sourcecode.swift; path = MovieDetailsViewController.swift; sourceTree = "<group>"; };
		F9FB41A926290FE3003D18DB /* MovieGridViewController.swift */ = {isa = PBXFileReference; lastKnownFileType = sourcecode.swift; path = MovieGridViewController.swift; sourceTree = "<group>"; };
/* End PBXFileReference section */

/* Begin PBXFrameworksBuildPhase section */
		F970604626233D9C0075CC07 /* Frameworks */ = {
			isa = PBXFrameworksBuildPhase;
			buildActionMask = 2147483647;
			files = (
				FAC2DE478C583A95ACED37CB /* Pods_flix.framework in Frameworks */,
			);
			runOnlyForDeploymentPostprocessing = 0;
		};
		F970605C26233DA00075CC07 /* Frameworks */ = {
			isa = PBXFrameworksBuildPhase;
			buildActionMask = 2147483647;
			files = (
				A7BF15F3D3E7631A833B9B12 /* Pods_flixTests.framework in Frameworks */,
			);
			runOnlyForDeploymentPostprocessing = 0;
		};
		F970606726233DA00075CC07 /* Frameworks */ = {
			isa = PBXFrameworksBuildPhase;
			buildActionMask = 2147483647;
			files = (
				E4B2D87512AC3E7691BD1C4B /* Pods_flix_flixUITests.framework in Frameworks */,
			);
			runOnlyForDeploymentPostprocessing = 0;
		};
/* End PBXFrameworksBuildPhase section */

/* Begin PBXGroup section */
		6BA2707E8417E378CE45BE89 /* Frameworks */ = {
			isa = PBXGroup;
			children = (
				0BDDC3C3989D8EBF4D0F5AD3 /* Pods_flix.framework */,
				78523D855232F25708BE9157 /* Pods_flix_flixUITests.framework */,
				8713429A645D9969C6ACB584 /* Pods_flixTests.framework */,
			);
			name = Frameworks;
			sourceTree = "<group>";
		};
		F970604026233D9C0075CC07 = {
			isa = PBXGroup;
			children = (
				F970604B26233D9C0075CC07 /* flix */,
				F970606226233DA00075CC07 /* flixTests */,
				F970606D26233DA00075CC07 /* flixUITests */,
				F970604A26233D9C0075CC07 /* Products */,
				FFD7D973427A942C5B4D3DCE /* Pods */,
				6BA2707E8417E378CE45BE89 /* Frameworks */,
			);
			sourceTree = "<group>";
		};
		F970604A26233D9C0075CC07 /* Products */ = {
			isa = PBXGroup;
			children = (
				F970604926233D9C0075CC07 /* flix.app */,
				F970605F26233DA00075CC07 /* flixTests.xctest */,
				F970606A26233DA00075CC07 /* flixUITests.xctest */,
			);
			name = Products;
			sourceTree = "<group>";
		};
		F970604B26233D9C0075CC07 /* flix */ = {
			isa = PBXGroup;
			children = (
				F970604C26233D9C0075CC07 /* AppDelegate.swift */,
				F970604E26233D9C0075CC07 /* SceneDelegate.swift */,
				F970605026233D9C0075CC07 /* ViewController.swift */,
				F970605226233D9C0075CC07 /* Main.storyboard */,
				F970605526233DA00075CC07 /* Assets.xcassets */,
				F970605726233DA00075CC07 /* LaunchScreen.storyboard */,
				F970605A26233DA00075CC07 /* Info.plist */,
				F9706089262346570075CC07 /* MovieCell.swift */,
				F9FB41A426290794003D18DB /* MovieDetailsViewController.swift */,
				F970607F26233E6A0075CC07 /* MoviesViewController.swift */,
				F9FB41A926290FE3003D18DB /* MovieGridViewController.swift */,
				F908C0B12629289000500358 /* MovieGridCell.swift */,
			);
			path = flix;
			sourceTree = "<group>";
		};
		F970606226233DA00075CC07 /* flixTests */ = {
			isa = PBXGroup;
			children = (
				F970606326233DA00075CC07 /* flixTests.swift */,
				F970606526233DA00075CC07 /* Info.plist */,
			);
			path = flixTests;
			sourceTree = "<group>";
		};
		F970606D26233DA00075CC07 /* flixUITests */ = {
			isa = PBXGroup;
			children = (
				F970606E26233DA00075CC07 /* flixUITests.swift */,
				F970607026233DA00075CC07 /* Info.plist */,
			);
			path = flixUITests;
			sourceTree = "<group>";
		};
		FFD7D973427A942C5B4D3DCE /* Pods */ = {
			isa = PBXGroup;
			children = (
				D2392E6EC006455BDF4E3B6D /* Pods-flix.debug.xcconfig */,
				A136931CC3CFC22CECC0BBD9 /* Pods-flix.release.xcconfig */,
				CD798C915596E3513957FE10 /* Pods-flix-flixUITests.debug.xcconfig */,
				0D9E7C2AFAB52FD1F488DCC1 /* Pods-flix-flixUITests.release.xcconfig */,
				1859CD96AD3A447AFC4E5C01 /* Pods-flixTests.debug.xcconfig */,
				B36819B50435CEA28611EFC6 /* Pods-flixTests.release.xcconfig */,
			);
			path = Pods;
			sourceTree = "<group>";
		};
/* End PBXGroup section */

/* Begin PBXNativeTarget section */
		F970604826233D9C0075CC07 /* flix */ = {
			isa = PBXNativeTarget;
			buildConfigurationList = F970607326233DA00075CC07 /* Build configuration list for PBXNativeTarget "flix" */;
			buildPhases = (
				245884D556BACE20A63C0A68 /* [CP] Check Pods Manifest.lock */,
				F970604526233D9C0075CC07 /* Sources */,
				F970604626233D9C0075CC07 /* Frameworks */,
				F970604726233D9C0075CC07 /* Resources */,
				CAEC385CAC69EBE5D01E7625 /* [CP] Embed Pods Frameworks */,
			);
			buildRules = (
			);
			dependencies = (
			);
			name = flix;
			productName = flix;
			productReference = F970604926233D9C0075CC07 /* flix.app */;
			productType = "com.apple.product-type.application";
		};
		F970605E26233DA00075CC07 /* flixTests */ = {
			isa = PBXNativeTarget;
			buildConfigurationList = F970607626233DA00075CC07 /* Build configuration list for PBXNativeTarget "flixTests" */;
			buildPhases = (
				076B823FFEDE16606434AC73 /* [CP] Check Pods Manifest.lock */,
				F970605B26233DA00075CC07 /* Sources */,
				F970605C26233DA00075CC07 /* Frameworks */,
				F970605D26233DA00075CC07 /* Resources */,
			);
			buildRules = (
			);
			dependencies = (
				F970606126233DA00075CC07 /* PBXTargetDependency */,
			);
			name = flixTests;
			productName = flixTests;
			productReference = F970605F26233DA00075CC07 /* flixTests.xctest */;
			productType = "com.apple.product-type.bundle.unit-test";
		};
		F970606926233DA00075CC07 /* flixUITests */ = {
			isa = PBXNativeTarget;
			buildConfigurationList = F970607926233DA00075CC07 /* Build configuration list for PBXNativeTarget "flixUITests" */;
			buildPhases = (
				775AE519A9BAE96C3733A19E /* [CP] Check Pods Manifest.lock */,
				F970606626233DA00075CC07 /* Sources */,
				F970606726233DA00075CC07 /* Frameworks */,
				F970606826233DA00075CC07 /* Resources */,
				6C05D1DFA3CC27F7E309FDB0 /* [CP] Embed Pods Frameworks */,
			);
			buildRules = (
			);
			dependencies = (
				F970606C26233DA00075CC07 /* PBXTargetDependency */,
			);
			name = flixUITests;
			productName = flixUITests;
			productReference = F970606A26233DA00075CC07 /* flixUITests.xctest */;
			productType = "com.apple.product-type.bundle.ui-testing";
		};
/* End PBXNativeTarget section */

/* Begin PBXProject section */
		F970604126233D9C0075CC07 /* Project object */ = {
			isa = PBXProject;
			attributes = {
				LastSwiftUpdateCheck = 1240;
				LastUpgradeCheck = 1240;
				TargetAttributes = {
					F970604826233D9C0075CC07 = {
						CreatedOnToolsVersion = 12.4;
					};
					F970605E26233DA00075CC07 = {
						CreatedOnToolsVersion = 12.4;
						TestTargetID = F970604826233D9C0075CC07;
					};
					F970606926233DA00075CC07 = {
						CreatedOnToolsVersion = 12.4;
						TestTargetID = F970604826233D9C0075CC07;
					};
				};
			};
			buildConfigurationList = F970604426233D9C0075CC07 /* Build configuration list for PBXProject "flix" */;
			compatibilityVersion = "Xcode 9.3";
			developmentRegion = en;
			hasScannedForEncodings = 0;
			knownRegions = (
				en,
				Base,
			);
			mainGroup = F970604026233D9C0075CC07;
			productRefGroup = F970604A26233D9C0075CC07 /* Products */;
			projectDirPath = "";
			projectRoot = "";
			targets = (
				F970604826233D9C0075CC07 /* flix */,
				F970605E26233DA00075CC07 /* flixTests */,
				F970606926233DA00075CC07 /* flixUITests */,
			);
		};
/* End PBXProject section */

/* Begin PBXResourcesBuildPhase section */
		F970604726233D9C0075CC07 /* Resources */ = {
			isa = PBXResourcesBuildPhase;
			buildActionMask = 2147483647;
			files = (
				F970605926233DA00075CC07 /* LaunchScreen.storyboard in Resources */,
				F970605626233DA00075CC07 /* Assets.xcassets in Resources */,
				F970605426233D9C0075CC07 /* Main.storyboard in Resources */,
			);
			runOnlyForDeploymentPostprocessing = 0;
		};
		F970605D26233DA00075CC07 /* Resources */ = {
			isa = PBXResourcesBuildPhase;
			buildActionMask = 2147483647;
			files = (
			);
			runOnlyForDeploymentPostprocessing = 0;
		};
		F970606826233DA00075CC07 /* Resources */ = {
			isa = PBXResourcesBuildPhase;
			buildActionMask = 2147483647;
			files = (
			);
			runOnlyForDeploymentPostprocessing = 0;
		};
/* End PBXResourcesBuildPhase section */

/* Begin PBXShellScriptBuildPhase section */
		076B823FFEDE16606434AC73 /* [CP] Check Pods Manifest.lock */ = {
			isa = PBXShellScriptBuildPhase;
			buildActionMask = 2147483647;
			files = (
			);
			inputFileListPaths = (
			);
			inputPaths = (
				"${PODS_PODFILE_DIR_PATH}/Podfile.lock",
				"${PODS_ROOT}/Manifest.lock",
			);
			name = "[CP] Check Pods Manifest.lock";
			outputFileListPaths = (
			);
			outputPaths = (
				"$(DERIVED_FILE_DIR)/Pods-flixTests-checkManifestLockResult.txt",
			);
			runOnlyForDeploymentPostprocessing = 0;
			shellPath = /bin/sh;
			shellScript = "diff \"${PODS_PODFILE_DIR_PATH}/Podfile.lock\" \"${PODS_ROOT}/Manifest.lock\" > /dev/null\nif [ $? != 0 ] ; then\n    # print error to STDERR\n    echo \"error: The sandbox is not in sync with the Podfile.lock. Run 'pod install' or update your CocoaPods installation.\" >&2\n    exit 1\nfi\n# This output is used by Xcode 'outputs' to avoid re-running this script phase.\necho \"SUCCESS\" > \"${SCRIPT_OUTPUT_FILE_0}\"\n";
			showEnvVarsInLog = 0;
		};
		245884D556BACE20A63C0A68 /* [CP] Check Pods Manifest.lock */ = {
			isa = PBXShellScriptBuildPhase;
			buildActionMask = 2147483647;
			files = (
			);
			inputFileListPaths = (
			);
			inputPaths = (
				"${PODS_PODFILE_DIR_PATH}/Podfile.lock",
				"${PODS_ROOT}/Manifest.lock",
			);
			name = "[CP] Check Pods Manifest.lock";
			outputFileListPaths = (
			);
			outputPaths = (
				"$(DERIVED_FILE_DIR)/Pods-flix-checkManifestLockResult.txt",
			);
			runOnlyForDeploymentPostprocessing = 0;
			shellPath = /bin/sh;
			shellScript = "diff \"${PODS_PODFILE_DIR_PATH}/Podfile.lock\" \"${PODS_ROOT}/Manifest.lock\" > /dev/null\nif [ $? != 0 ] ; then\n    # print error to STDERR\n    echo \"error: The sandbox is not in sync with the Podfile.lock. Run 'pod install' or update your CocoaPods installation.\" >&2\n    exit 1\nfi\n# This output is used by Xcode 'outputs' to avoid re-running this script phase.\necho \"SUCCESS\" > \"${SCRIPT_OUTPUT_FILE_0}\"\n";
			showEnvVarsInLog = 0;
		};
		6C05D1DFA3CC27F7E309FDB0 /* [CP] Embed Pods Frameworks */ = {
			isa = PBXShellScriptBuildPhase;
			buildActionMask = 2147483647;
			files = (
			);
			inputFileListPaths = (
				"${PODS_ROOT}/Target Support Files/Pods-flix-flixUITests/Pods-flix-flixUITests-frameworks-${CONFIGURATION}-input-files.xcfilelist",
			);
			name = "[CP] Embed Pods Frameworks";
			outputFileListPaths = (
				"${PODS_ROOT}/Target Support Files/Pods-flix-flixUITests/Pods-flix-flixUITests-frameworks-${CONFIGURATION}-output-files.xcfilelist",
			);
			runOnlyForDeploymentPostprocessing = 0;
			shellPath = /bin/sh;
			shellScript = "\"${PODS_ROOT}/Target Support Files/Pods-flix-flixUITests/Pods-flix-flixUITests-frameworks.sh\"\n";
			showEnvVarsInLog = 0;
		};
		775AE519A9BAE96C3733A19E /* [CP] Check Pods Manifest.lock */ = {
			isa = PBXShellScriptBuildPhase;
			buildActionMask = 2147483647;
			files = (
			);
			inputFileListPaths = (
			);
			inputPaths = (
				"${PODS_PODFILE_DIR_PATH}/Podfile.lock",
				"${PODS_ROOT}/Manifest.lock",
			);
			name = "[CP] Check Pods Manifest.lock";
			outputFileListPaths = (
			);
			outputPaths = (
				"$(DERIVED_FILE_DIR)/Pods-flix-flixUITests-checkManifestLockResult.txt",
			);
			runOnlyForDeploymentPostprocessing = 0;
			shellPath = /bin/sh;
			shellScript = "diff \"${PODS_PODFILE_DIR_PATH}/Podfile.lock\" \"${PODS_ROOT}/Manifest.lock\" > /dev/null\nif [ $? != 0 ] ; then\n    # print error to STDERR\n    echo \"error: The sandbox is not in sync with the Podfile.lock. Run 'pod install' or update your CocoaPods installation.\" >&2\n    exit 1\nfi\n# This output is used by Xcode 'outputs' to avoid re-running this script phase.\necho \"SUCCESS\" > \"${SCRIPT_OUTPUT_FILE_0}\"\n";
			showEnvVarsInLog = 0;
		};
		CAEC385CAC69EBE5D01E7625 /* [CP] Embed Pods Frameworks */ = {
			isa = PBXShellScriptBuildPhase;
			buildActionMask = 2147483647;
			files = (
			);
			inputFileListPaths = (
				"${PODS_ROOT}/Target Support Files/Pods-flix/Pods-flix-frameworks-${CONFIGURATION}-input-files.xcfilelist",
			);
			name = "[CP] Embed Pods Frameworks";
			outputFileListPaths = (
				"${PODS_ROOT}/Target Support Files/Pods-flix/Pods-flix-frameworks-${CONFIGURATION}-output-files.xcfilelist",
			);
			runOnlyForDeploymentPostprocessing = 0;
			shellPath = /bin/sh;
			shellScript = "\"${PODS_ROOT}/Target Support Files/Pods-flix/Pods-flix-frameworks.sh\"\n";
			showEnvVarsInLog = 0;
		};
/* End PBXShellScriptBuildPhase section */

/* Begin PBXSourcesBuildPhase section */
		F970604526233D9C0075CC07 /* Sources */ = {
			isa = PBXSourcesBuildPhase;
			buildActionMask = 2147483647;
			files = (
				F970605126233D9C0075CC07 /* ViewController.swift in Sources */,
				F970604D26233D9C0075CC07 /* AppDelegate.swift in Sources */,
				F9FB41A526290794003D18DB /* MovieDetailsViewController.swift in Sources */,
				F9FB41AA26290FE3003D18DB /* MovieGridViewController.swift in Sources */,
				F908C0B22629289000500358 /* MovieGridCell.swift in Sources */,
				F970604F26233D9C0075CC07 /* SceneDelegate.swift in Sources */,
				F970608A262346570075CC07 /* MovieCell.swift in Sources */,
				F970608026233E6A0075CC07 /* MoviesViewController.swift in Sources */,
			);
			runOnlyForDeploymentPostprocessing = 0;
		};
		F970605B26233DA00075CC07 /* Sources */ = {
			isa = PBXSourcesBuildPhase;
			buildActionMask = 2147483647;
			files = (
				F970606426233DA00075CC07 /* flixTests.swift in Sources */,
			);
			runOnlyForDeploymentPostprocessing = 0;
		};
		F970606626233DA00075CC07 /* Sources */ = {
			isa = PBXSourcesBuildPhase;
			buildActionMask = 2147483647;
			files = (
				F970606F26233DA00075CC07 /* flixUITests.swift in Sources */,
			);
			runOnlyForDeploymentPostprocessing = 0;
		};
/* End PBXSourcesBuildPhase section */

/* Begin PBXTargetDependency section */
		F970606126233DA00075CC07 /* PBXTargetDependency */ = {
			isa = PBXTargetDependency;
			target = F970604826233D9C0075CC07 /* flix */;
			targetProxy = F970606026233DA00075CC07 /* PBXContainerItemProxy */;
		};
		F970606C26233DA00075CC07 /* PBXTargetDependency */ = {
			isa = PBXTargetDependency;
			target = F970604826233D9C0075CC07 /* flix */;
			targetProxy = F970606B26233DA00075CC07 /* PBXContainerItemProxy */;
		};
/* End PBXTargetDependency section */

/* Begin PBXVariantGroup section */
		F970605226233D9C0075CC07 /* Main.storyboard */ = {
			isa = PBXVariantGroup;
			children = (
				F970605326233D9C0075CC07 /* Base */,
			);
			name = Main.storyboard;
			sourceTree = "<group>";
		};
		F970605726233DA00075CC07 /* LaunchScreen.storyboard */ = {
			isa = PBXVariantGroup;
			children = (
				F970605826233DA00075CC07 /* Base */,
			);
			name = LaunchScreen.storyboard;
			sourceTree = "<group>";
		};
/* End PBXVariantGroup section */

/* Begin XCBuildConfiguration section */
		F970607126233DA00075CC07 /* Debug */ = {
			isa = XCBuildConfiguration;
			buildSettings = {
				ALWAYS_SEARCH_USER_PATHS = NO;
				CLANG_ANALYZER_NONNULL = YES;
				CLANG_ANALYZER_NUMBER_OBJECT_CONVERSION = YES_AGGRESSIVE;
				CLANG_CXX_LANGUAGE_STANDARD = "gnu++14";
				CLANG_CXX_LIBRARY = "libc++";
				CLANG_ENABLE_MODULES = YES;
				CLANG_ENABLE_OBJC_ARC = YES;
				CLANG_ENABLE_OBJC_WEAK = YES;
				CLANG_WARN_BLOCK_CAPTURE_AUTORELEASING = YES;
				CLANG_WARN_BOOL_CONVERSION = YES;
				CLANG_WARN_COMMA = YES;
				CLANG_WARN_CONSTANT_CONVERSION = YES;
				CLANG_WARN_DEPRECATED_OBJC_IMPLEMENTATIONS = YES;
				CLANG_WARN_DIRECT_OBJC_ISA_USAGE = YES_ERROR;
				CLANG_WARN_DOCUMENTATION_COMMENTS = YES;
				CLANG_WARN_EMPTY_BODY = YES;
				CLANG_WARN_ENUM_CONVERSION = YES;
				CLANG_WARN_INFINITE_RECURSION = YES;
				CLANG_WARN_INT_CONVERSION = YES;
				CLANG_WARN_NON_LITERAL_NULL_CONVERSION = YES;
				CLANG_WARN_OBJC_IMPLICIT_RETAIN_SELF = YES;
				CLANG_WARN_OBJC_LITERAL_CONVERSION = YES;
				CLANG_WARN_OBJC_ROOT_CLASS = YES_ERROR;
				CLANG_WARN_QUOTED_INCLUDE_IN_FRAMEWORK_HEADER = YES;
				CLANG_WARN_RANGE_LOOP_ANALYSIS = YES;
				CLANG_WARN_STRICT_PROTOTYPES = YES;
				CLANG_WARN_SUSPICIOUS_MOVE = YES;
				CLANG_WARN_UNGUARDED_AVAILABILITY = YES_AGGRESSIVE;
				CLANG_WARN_UNREACHABLE_CODE = YES;
				CLANG_WARN__DUPLICATE_METHOD_MATCH = YES;
				COPY_PHASE_STRIP = NO;
				DEBUG_INFORMATION_FORMAT = dwarf;
				ENABLE_STRICT_OBJC_MSGSEND = YES;
				ENABLE_TESTABILITY = YES;
				GCC_C_LANGUAGE_STANDARD = gnu11;
				GCC_DYNAMIC_NO_PIC = NO;
				GCC_NO_COMMON_BLOCKS = YES;
				GCC_OPTIMIZATION_LEVEL = 0;
				GCC_PREPROCESSOR_DEFINITIONS = (
					"DEBUG=1",
					"$(inherited)",
				);
				GCC_WARN_64_TO_32_BIT_CONVERSION = YES;
				GCC_WARN_ABOUT_RETURN_TYPE = YES_ERROR;
				GCC_WARN_UNDECLARED_SELECTOR = YES;
				GCC_WARN_UNINITIALIZED_AUTOS = YES_AGGRESSIVE;
				GCC_WARN_UNUSED_FUNCTION = YES;
				GCC_WARN_UNUSED_VARIABLE = YES;
				IPHONEOS_DEPLOYMENT_TARGET = 14.4;
				MTL_ENABLE_DEBUG_INFO = INCLUDE_SOURCE;
				MTL_FAST_MATH = YES;
				ONLY_ACTIVE_ARCH = YES;
				SDKROOT = iphoneos;
				SWIFT_ACTIVE_COMPILATION_CONDITIONS = DEBUG;
				SWIFT_OPTIMIZATION_LEVEL = "-Onone";
			};
			name = Debug;
		};
		F970607226233DA00075CC07 /* Release */ = {
			isa = XCBuildConfiguration;
			buildSettings = {
				ALWAYS_SEARCH_USER_PATHS = NO;
				CLANG_ANALYZER_NONNULL = YES;
				CLANG_ANALYZER_NUMBER_OBJECT_CONVERSION = YES_AGGRESSIVE;
				CLANG_CXX_LANGUAGE_STANDARD = "gnu++14";
				CLANG_CXX_LIBRARY = "libc++";
				CLANG_ENABLE_MODULES = YES;
				CLANG_ENABLE_OBJC_ARC = YES;
				CLANG_ENABLE_OBJC_WEAK = YES;
				CLANG_WARN_BLOCK_CAPTURE_AUTORELEASING = YES;
				CLANG_WARN_BOOL_CONVERSION = YES;
				CLANG_WARN_COMMA = YES;
				CLANG_WARN_CONSTANT_CONVERSION = YES;
				CLANG_WARN_DEPRECATED_OBJC_IMPLEMENTATIONS = YES;
				CLANG_WARN_DIRECT_OBJC_ISA_USAGE = YES_ERROR;
				CLANG_WARN_DOCUMENTATION_COMMENTS = YES;
				CLANG_WARN_EMPTY_BODY = YES;
				CLANG_WARN_ENUM_CONVERSION = YES;
				CLANG_WARN_INFINITE_RECURSION = YES;
				CLANG_WARN_INT_CONVERSION = YES;
				CLANG_WARN_NON_LITERAL_NULL_CONVERSION = YES;
				CLANG_WARN_OBJC_IMPLICIT_RETAIN_SELF = YES;
				CLANG_WARN_OBJC_LITERAL_CONVERSION = YES;
				CLANG_WARN_OBJC_ROOT_CLASS = YES_ERROR;
				CLANG_WARN_QUOTED_INCLUDE_IN_FRAMEWORK_HEADER = YES;
				CLANG_WARN_RANGE_LOOP_ANALYSIS = YES;
				CLANG_WARN_STRICT_PROTOTYPES = YES;
				CLANG_WARN_SUSPICIOUS_MOVE = YES;
				CLANG_WARN_UNGUARDED_AVAILABILITY = YES_AGGRESSIVE;
				CLANG_WARN_UNREACHABLE_CODE = YES;
				CLANG_WARN__DUPLICATE_METHOD_MATCH = YES;
				COPY_PHASE_STRIP = NO;
				DEBUG_INFORMATION_FORMAT = "dwarf-with-dsym";
				ENABLE_NS_ASSERTIONS = NO;
				ENABLE_STRICT_OBJC_MSGSEND = YES;
				GCC_C_LANGUAGE_STANDARD = gnu11;
				GCC_NO_COMMON_BLOCKS = YES;
				GCC_WARN_64_TO_32_BIT_CONVERSION = YES;
				GCC_WARN_ABOUT_RETURN_TYPE = YES_ERROR;
				GCC_WARN_UNDECLARED_SELECTOR = YES;
				GCC_WARN_UNINITIALIZED_AUTOS = YES_AGGRESSIVE;
				GCC_WARN_UNUSED_FUNCTION = YES;
				GCC_WARN_UNUSED_VARIABLE = YES;
				IPHONEOS_DEPLOYMENT_TARGET = 14.4;
				MTL_ENABLE_DEBUG_INFO = NO;
				MTL_FAST_MATH = YES;
				SDKROOT = iphoneos;
				SWIFT_COMPILATION_MODE = wholemodule;
				SWIFT_OPTIMIZATION_LEVEL = "-O";
				VALIDATE_PRODUCT = YES;
			};
			name = Release;
		};
		F970607426233DA00075CC07 /* Debug */ = {
			isa = XCBuildConfiguration;
			baseConfigurationReference = D2392E6EC006455BDF4E3B6D /* Pods-flix.debug.xcconfig */;
			buildSettings = {
				ASSETCATALOG_COMPILER_APPICON_NAME = AppIcon;
				ASSETCATALOG_COMPILER_GLOBAL_ACCENT_COLOR_NAME = AccentColor;
				CODE_SIGN_STYLE = Automatic;
				INFOPLIST_FILE = flix/Info.plist;
				LD_RUNPATH_SEARCH_PATHS = (
					"$(inherited)",
					"@executable_path/Frameworks",
				);
				PRODUCT_BUNDLE_IDENTIFIER = christinetu.flix;
				PRODUCT_NAME = "$(TARGET_NAME)";
				SWIFT_VERSION = 5.0;
				TARGETED_DEVICE_FAMILY = "1,2";
			};
			name = Debug;
		};
		F970607526233DA00075CC07 /* Release */ = {
			isa = XCBuildConfiguration;
			baseConfigurationReference = A136931CC3CFC22CECC0BBD9 /* Pods-flix.release.xcconfig */;
			buildSettings = {
				ASSETCATALOG_COMPILER_APPICON_NAME = AppIcon;
				ASSETCATALOG_COMPILER_GLOBAL_ACCENT_COLOR_NAME = AccentColor;
				CODE_SIGN_STYLE = Automatic;
				INFOPLIST_FILE = flix/Info.plist;
				LD_RUNPATH_SEARCH_PATHS = (
					"$(inherited)",
					"@executable_path/Frameworks",
				);
				PRODUCT_BUNDLE_IDENTIFIER = christinetu.flix;
				PRODUCT_NAME = "$(TARGET_NAME)";
				SWIFT_VERSION = 5.0;
				TARGETED_DEVICE_FAMILY = "1,2";
			};
			name = Release;
		};
		F970607726233DA00075CC07 /* Debug */ = {
			isa = XCBuildConfiguration;
			baseConfigurationReference = 1859CD96AD3A447AFC4E5C01 /* Pods-flixTests.debug.xcconfig */;
			buildSettings = {
				ALWAYS_EMBED_SWIFT_STANDARD_LIBRARIES = YES;
				BUNDLE_LOADER = "$(TEST_HOST)";
				CODE_SIGN_STYLE = Automatic;
				INFOPLIST_FILE = flixTests/Info.plist;
				IPHONEOS_DEPLOYMENT_TARGET = 14.4;
				LD_RUNPATH_SEARCH_PATHS = (
					"$(inherited)",
					"@executable_path/Frameworks",
					"@loader_path/Frameworks",
				);
				PRODUCT_BUNDLE_IDENTIFIER = christinetu.flixTests;
				PRODUCT_NAME = "$(TARGET_NAME)";
				SWIFT_VERSION = 5.0;
				TARGETED_DEVICE_FAMILY = "1,2";
				TEST_HOST = "$(BUILT_PRODUCTS_DIR)/flix.app/flix";
			};
			name = Debug;
		};
		F970607826233DA00075CC07 /* Release */ = {
			isa = XCBuildConfiguration;
			baseConfigurationReference = B36819B50435CEA28611EFC6 /* Pods-flixTests.release.xcconfig */;
			buildSettings = {
				ALWAYS_EMBED_SWIFT_STANDARD_LIBRARIES = YES;
				BUNDLE_LOADER = "$(TEST_HOST)";
				CODE_SIGN_STYLE = Automatic;
				INFOPLIST_FILE = flixTests/Info.plist;
				IPHONEOS_DEPLOYMENT_TARGET = 14.4;
				LD_RUNPATH_SEARCH_PATHS = (
					"$(inherited)",
					"@executable_path/Frameworks",
					"@loader_path/Frameworks",
				);
				PRODUCT_BUNDLE_IDENTIFIER = christinetu.flixTests;
				PRODUCT_NAME = "$(TARGET_NAME)";
				SWIFT_VERSION = 5.0;
				TARGETED_DEVICE_FAMILY = "1,2";
				TEST_HOST = "$(BUILT_PRODUCTS_DIR)/flix.app/flix";
			};
			name = Release;
		};
		F970607A26233DA00075CC07 /* Debug */ = {
			isa = XCBuildConfiguration;
			baseConfigurationReference = CD798C915596E3513957FE10 /* Pods-flix-flixUITests.debug.xcconfig */;
			buildSettings = {
				ALWAYS_EMBED_SWIFT_STANDARD_LIBRARIES = YES;
				CODE_SIGN_STYLE = Automatic;
				INFOPLIST_FILE = flixUITests/Info.plist;
				LD_RUNPATH_SEARCH_PATHS = (
					"$(inherited)",
					"@executable_path/Frameworks",
					"@loader_path/Frameworks",
				);
				PRODUCT_BUNDLE_IDENTIFIER = christinetu.flixUITests;
				PRODUCT_NAME = "$(TARGET_NAME)";
				SWIFT_VERSION = 5.0;
				TARGETED_DEVICE_FAMILY = "1,2";
				TEST_TARGET_NAME = flix;
			};
			name = Debug;
		};
		F970607B26233DA00075CC07 /* Release */ = {
			isa = XCBuildConfiguration;
			baseConfigurationReference = 0D9E7C2AFAB52FD1F488DCC1 /* Pods-flix-flixUITests.release.xcconfig */;
			buildSettings = {
				ALWAYS_EMBED_SWIFT_STANDARD_LIBRARIES = YES;
				CODE_SIGN_STYLE = Automatic;
				INFOPLIST_FILE = flixUITests/Info.plist;
				LD_RUNPATH_SEARCH_PATHS = (
					"$(inherited)",
					"@executable_path/Frameworks",
					"@loader_path/Frameworks",
				);
				PRODUCT_BUNDLE_IDENTIFIER = christinetu.flixUITests;
				PRODUCT_NAME = "$(TARGET_NAME)";
				SWIFT_VERSION = 5.0;
				TARGETED_DEVICE_FAMILY = "1,2";
				TEST_TARGET_NAME = flix;
			};
			name = Release;
		};
/* End XCBuildConfiguration section */

/* Begin XCConfigurationList section */
		F970604426233D9C0075CC07 /* Build configuration list for PBXProject "flix" */ = {
			isa = XCConfigurationList;
			buildConfigurations = (
				F970607126233DA00075CC07 /* Debug */,
				F970607226233DA00075CC07 /* Release */,
			);
			defaultConfigurationIsVisible = 0;
			defaultConfigurationName = Release;
		};
		F970607326233DA00075CC07 /* Build configuration list for PBXNativeTarget "flix" */ = {
			isa = XCConfigurationList;
			buildConfigurations = (
				F970607426233DA00075CC07 /* Debug */,
				F970607526233DA00075CC07 /* Release */,
			);
			defaultConfigurationIsVisible = 0;
			defaultConfigurationName = Release;
		};
		F970607626233DA00075CC07 /* Build configuration list for PBXNativeTarget "flixTests" */ = {
			isa = XCConfigurationList;
			buildConfigurations = (
				F970607726233DA00075CC07 /* Debug */,
				F970607826233DA00075CC07 /* Release */,
			);
			defaultConfigurationIsVisible = 0;
			defaultConfigurationName = Release;
		};
		F970607926233DA00075CC07 /* Build configuration list for PBXNativeTarget "flixUITests" */ = {
			isa = XCConfigurationList;
			buildConfigurations = (
				F970607A26233DA00075CC07 /* Debug */,
				F970607B26233DA00075CC07 /* Release */,
			);
			defaultConfigurationIsVisible = 0;
			defaultConfigurationName = Release;
		};
/* End XCConfigurationList section */
	};
	rootObject = F970604126233D9C0075CC07 /* Project object */;
}
